# This file is automatically @generated by Poetry 2.1.2 and should not be changed by hand.

[[package]]
name = "aalpy"
version = "1.5.1"
description = "An active automata learning library"
optional = false
python-versions = ">=3.6"
groups = ["main"]
files = []
develop = true

[package.dependencies]
pydot = "*"

[package.source]
type = "directory"
url = "../AALpy"

[[package]]
name = "black"
version = "25.1.0"
description = "The uncompromising code formatter."
optional = false
python-versions = ">=3.9"
groups = ["dev"]
files = [
    {file = "black-25.1.0-cp310-cp310-macosx_10_9_x86_64.whl", hash = "sha256:759e7ec1e050a15f89b770cefbf91ebee8917aac5c20483bc2d80a6c3a04df32"},
    {file = "black-25.1.0-cp310-cp310-macosx_11_0_arm64.whl", hash = "sha256:0e519ecf93120f34243e6b0054db49c00a35f84f195d5bce7e9f5cfc578fc2da"},
    {file = "black-25.1.0-cp310-cp310-manylinux_2_17_x86_64.manylinux2014_x86_64.manylinux_2_28_x86_64.whl", hash = "sha256:055e59b198df7ac0b7efca5ad7ff2516bca343276c466be72eb04a3bcc1f82d7"},
    {file = "black-25.1.0-cp310-cp310-win_amd64.whl", hash = "sha256:db8ea9917d6f8fc62abd90d944920d95e73c83a5ee3383493e35d271aca872e9"},
    {file = "black-25.1.0-cp311-cp311-macosx_10_9_x86_64.whl", hash = "sha256:a39337598244de4bae26475f77dda852ea00a93bd4c728e09eacd827ec929df0"},
    {file = "black-25.1.0-cp311-cp311-macosx_11_0_arm64.whl", hash = "sha256:96c1c7cd856bba8e20094e36e0f948718dc688dba4a9d78c3adde52b9e6c2299"},
    {file = "black-25.1.0-cp311-cp311-manylinux_2_17_x86_64.manylinux2014_x86_64.manylinux_2_28_x86_64.whl", hash = "sha256:bce2e264d59c91e52d8000d507eb20a9aca4a778731a08cfff7e5ac4a4bb7096"},
    {file = "black-25.1.0-cp311-cp311-win_amd64.whl", hash = "sha256:172b1dbff09f86ce6f4eb8edf9dede08b1fce58ba194c87d7a4f1a5aa2f5b3c2"},
    {file = "black-25.1.0-cp312-cp312-macosx_10_13_x86_64.whl", hash = "sha256:4b60580e829091e6f9238c848ea6750efed72140b91b048770b64e74fe04908b"},
    {file = "black-25.1.0-cp312-cp312-macosx_11_0_arm64.whl", hash = "sha256:1e2978f6df243b155ef5fa7e558a43037c3079093ed5d10fd84c43900f2d8ecc"},
    {file = "black-25.1.0-cp312-cp312-manylinux_2_17_x86_64.manylinux2014_x86_64.manylinux_2_28_x86_64.whl", hash = "sha256:3b48735872ec535027d979e8dcb20bf4f70b5ac75a8ea99f127c106a7d7aba9f"},
    {file = "black-25.1.0-cp312-cp312-win_amd64.whl", hash = "sha256:ea0213189960bda9cf99be5b8c8ce66bb054af5e9e861249cd23471bd7b0b3ba"},
    {file = "black-25.1.0-cp313-cp313-macosx_10_13_x86_64.whl", hash = "sha256:8f0b18a02996a836cc9c9c78e5babec10930862827b1b724ddfe98ccf2f2fe4f"},
    {file = "black-25.1.0-cp313-cp313-macosx_11_0_arm64.whl", hash = "sha256:afebb7098bfbc70037a053b91ae8437c3857482d3a690fefc03e9ff7aa9a5fd3"},
    {file = "black-25.1.0-cp313-cp313-manylinux_2_17_x86_64.manylinux2014_x86_64.manylinux_2_28_x86_64.whl", hash = "sha256:030b9759066a4ee5e5aca28c3c77f9c64789cdd4de8ac1df642c40b708be6171"},
    {file = "black-25.1.0-cp313-cp313-win_amd64.whl", hash = "sha256:a22f402b410566e2d1c950708c77ebf5ebd5d0d88a6a2e87c86d9fb48afa0d18"},
    {file = "black-25.1.0-cp39-cp39-macosx_10_9_x86_64.whl", hash = "sha256:a1ee0a0c330f7b5130ce0caed9936a904793576ef4d2b98c40835d6a65afa6a0"},
    {file = "black-25.1.0-cp39-cp39-macosx_11_0_arm64.whl", hash = "sha256:f3df5f1bf91d36002b0a75389ca8663510cf0531cca8aa5c1ef695b46d98655f"},
    {file = "black-25.1.0-cp39-cp39-manylinux_2_17_x86_64.manylinux2014_x86_64.manylinux_2_28_x86_64.whl", hash = "sha256:d9e6827d563a2c820772b32ce8a42828dc6790f095f441beef18f96aa6f8294e"},
    {file = "black-25.1.0-cp39-cp39-win_amd64.whl", hash = "sha256:bacabb307dca5ebaf9c118d2d2f6903da0d62c9faa82bd21a33eecc319559355"},
    {file = "black-25.1.0-py3-none-any.whl", hash = "sha256:95e8176dae143ba9097f351d174fdaf0ccd29efb414b362ae3fd72bf0f710717"},
    {file = "black-25.1.0.tar.gz", hash = "sha256:33496d5cd1222ad73391352b4ae8da15253c5de89b93a80b3e2c8d9a19ec2666"},
]

[package.dependencies]
click = ">=8.0.0"
mypy-extensions = ">=0.4.3"
packaging = ">=22.0"
pathspec = ">=0.9.0"
platformdirs = ">=2"

[package.extras]
colorama = ["colorama (>=0.4.3)"]
d = ["aiohttp (>=3.10)"]
jupyter = ["ipython (>=7.8.0)", "tokenize-rt (>=3.2.0)"]
uvloop = ["uvloop (>=0.15.2)"]

[[package]]
name = "boto"
version = "2.49.0"
description = "Amazon Web Services Library"
optional = false
python-versions = "*"
groups = ["main"]
files = [
    {file = "boto-2.49.0-py2.py3-none-any.whl", hash = "sha256:147758d41ae7240dc989f0039f27da8ca0d53734be0eb869ef16e3adcfa462e8"},
    {file = "boto-2.49.0.tar.gz", hash = "sha256:ea0d3b40a2d852767be77ca343b58a9e3a4b00d9db440efb8da74b4e58025e5a"},
]

[[package]]
name = "click"
version = "8.2.1"
description = "Composable command line interface toolkit"
optional = false
python-versions = ">=3.10"
groups = ["dev"]
files = [
    {file = "click-8.2.1-py3-none-any.whl", hash = "sha256:61a3265b914e850b85317d0b3109c7f8cd35a670f963866005d6ef1d5175a12b"},
    {file = "click-8.2.1.tar.gz", hash = "sha256:27c491cc05d968d271d5a1db13e3b5a184636d9d930f148c50b038f0d0646202"},
]

[package.dependencies]
colorama = {version = "*", markers = "platform_system == \"Windows\""}

[[package]]
name = "colorama"
version = "0.4.6"
description = "Cross-platform colored terminal text."
optional = false
python-versions = "!=3.0.*,!=3.1.*,!=3.2.*,!=3.3.*,!=3.4.*,!=3.5.*,!=3.6.*,>=2.7"
groups = ["dev"]
markers = "platform_system == \"Windows\""
files = [
    {file = "colorama-0.4.6-py2.py3-none-any.whl", hash = "sha256:4f1d9991f5acc0ca119f9d443620b77f9d6b33703e51011c16baf57afb285fc6"},
    {file = "colorama-0.4.6.tar.gz", hash = "sha256:08695f5cb7ed6e0531a20572697297273c47b8cae5a63ffc6d6ed5c201be6e44"},
]

[[package]]
name = "jinja2"
version = "3.1.6"
description = "A very fast and expressive template engine."
optional = false
python-versions = ">=3.7"
groups = ["dev"]
files = [
    {file = "jinja2-3.1.6-py3-none-any.whl", hash = "sha256:85ece4451f492d0c13c5dd7c13a64681a86afae63a5f347908daf103ce6d2f67"},
    {file = "jinja2-3.1.6.tar.gz", hash = "sha256:0137fb05990d35f1275a587e9aee6d56da821fc83491a0fb838183be43f66d6d"},
]

[package.dependencies]
MarkupSafe = ">=2.0"

[package.extras]
i18n = ["Babel (>=2.7)"]

[[package]]
name = "linkify-it-py"
version = "2.0.3"
description = "Links recognition library with FULL unicode support."
optional = false
python-versions = ">=3.7"
groups = ["dev"]
files = [
    {file = "linkify-it-py-2.0.3.tar.gz", hash = "sha256:68cda27e162e9215c17d786649d1da0021a451bdc436ef9e0fa0ba5234b9b048"},
    {file = "linkify_it_py-2.0.3-py3-none-any.whl", hash = "sha256:6bcbc417b0ac14323382aef5c5192c0075bf8a9d6b41820a2b66371eac6b6d79"},
]

[package.dependencies]
uc-micro-py = "*"

[package.extras]
benchmark = ["pytest", "pytest-benchmark"]
dev = ["black", "flake8", "isort", "pre-commit", "pyproject-flake8"]
doc = ["myst-parser", "sphinx", "sphinx-book-theme"]
test = ["coverage", "pytest", "pytest-cov"]

[[package]]
name = "markdown-it-py"
version = "3.0.0"
description = "Python port of markdown-it. Markdown parsing, done right!"
optional = false
python-versions = ">=3.8"
groups = ["dev"]
files = [
    {file = "markdown-it-py-3.0.0.tar.gz", hash = "sha256:e3f60a94fa066dc52ec76661e37c851cb232d92f9886b15cb560aaada2df8feb"},
    {file = "markdown_it_py-3.0.0-py3-none-any.whl", hash = "sha256:355216845c60bd96232cd8d8c40e8f9765cc86f46880e43a8fd22dc1a1a8cab1"},
]

[package.dependencies]
linkify-it-py = {version = ">=1,<3", optional = true, markers = "extra == \"linkify\""}
mdit-py-plugins = {version = "*", optional = true, markers = "extra == \"plugins\""}
mdurl = ">=0.1,<1.0"

[package.extras]
benchmarking = ["psutil", "pytest", "pytest-benchmark"]
code-style = ["pre-commit (>=3.0,<4.0)"]
compare = ["commonmark (>=0.9,<1.0)", "markdown (>=3.4,<4.0)", "mistletoe (>=1.0,<2.0)", "mistune (>=2.0,<3.0)", "panflute (>=2.3,<3.0)"]
linkify = ["linkify-it-py (>=1,<3)"]
plugins = ["mdit-py-plugins"]
profiling = ["gprof2dot"]
rtd = ["jupyter_sphinx", "mdit-py-plugins", "myst-parser", "pyyaml", "sphinx", "sphinx-copybutton", "sphinx-design", "sphinx_book_theme"]
testing = ["coverage", "pytest", "pytest-cov", "pytest-regressions"]

[[package]]
name = "markupsafe"
version = "3.0.2"
description = "Safely add untrusted strings to HTML/XML markup."
optional = false
python-versions = ">=3.9"
groups = ["dev"]
files = [
    {file = "MarkupSafe-3.0.2-cp310-cp310-macosx_10_9_universal2.whl", hash = "sha256:7e94c425039cde14257288fd61dcfb01963e658efbc0ff54f5306b06054700f8"},
    {file = "MarkupSafe-3.0.2-cp310-cp310-macosx_11_0_arm64.whl", hash = "sha256:9e2d922824181480953426608b81967de705c3cef4d1af983af849d7bd619158"},
    {file = "MarkupSafe-3.0.2-cp310-cp310-manylinux_2_17_aarch64.manylinux2014_aarch64.whl", hash = "sha256:38a9ef736c01fccdd6600705b09dc574584b89bea478200c5fbf112a6b0d5579"},
    {file = "MarkupSafe-3.0.2-cp310-cp310-manylinux_2_17_x86_64.manylinux2014_x86_64.whl", hash = "sha256:bbcb445fa71794da8f178f0f6d66789a28d7319071af7a496d4d507ed566270d"},
    {file = "MarkupSafe-3.0.2-cp310-cp310-manylinux_2_5_i686.manylinux1_i686.manylinux_2_17_i686.manylinux2014_i686.whl", hash = "sha256:57cb5a3cf367aeb1d316576250f65edec5bb3be939e9247ae594b4bcbc317dfb"},
    {file = "MarkupSafe-3.0.2-cp310-cp310-musllinux_1_2_aarch64.whl", hash = "sha256:3809ede931876f5b2ec92eef964286840ed3540dadf803dd570c3b7e13141a3b"},
    {file = "MarkupSafe-3.0.2-cp310-cp310-musllinux_1_2_i686.whl", hash = "sha256:e07c3764494e3776c602c1e78e298937c3315ccc9043ead7e685b7f2b8d47b3c"},
    {file = "MarkupSafe-3.0.2-cp310-cp310-musllinux_1_2_x86_64.whl", hash = "sha256:b424c77b206d63d500bcb69fa55ed8d0e6a3774056bdc4839fc9298a7edca171"},
    {file = "MarkupSafe-3.0.2-cp310-cp310-win32.whl", hash = "sha256:fcabf5ff6eea076f859677f5f0b6b5c1a51e70a376b0579e0eadef8db48c6b50"},
    {file = "MarkupSafe-3.0.2-cp310-cp310-win_amd64.whl", hash = "sha256:6af100e168aa82a50e186c82875a5893c5597a0c1ccdb0d8b40240b1f28b969a"},
    {file = "MarkupSafe-3.0.2-cp311-cp311-macosx_10_9_universal2.whl", hash = "sha256:9025b4018f3a1314059769c7bf15441064b2207cb3f065e6ea1e7359cb46db9d"},
    {file = "MarkupSafe-3.0.2-cp311-cp311-macosx_11_0_arm64.whl", hash = "sha256:93335ca3812df2f366e80509ae119189886b0f3c2b81325d39efdb84a1e2ae93"},
    {file = "MarkupSafe-3.0.2-cp311-cp311-manylinux_2_17_aarch64.manylinux2014_aarch64.whl", hash = "sha256:2cb8438c3cbb25e220c2ab33bb226559e7afb3baec11c4f218ffa7308603c832"},
    {file = "MarkupSafe-3.0.2-cp311-cp311-manylinux_2_17_x86_64.manylinux2014_x86_64.whl", hash = "sha256:a123e330ef0853c6e822384873bef7507557d8e4a082961e1defa947aa59ba84"},
    {file = "MarkupSafe-3.0.2-cp311-cp311-manylinux_2_5_i686.manylinux1_i686.manylinux_2_17_i686.manylinux2014_i686.whl", hash = "sha256:1e084f686b92e5b83186b07e8a17fc09e38fff551f3602b249881fec658d3eca"},
    {file = "MarkupSafe-3.0.2-cp311-cp311-musllinux_1_2_aarch64.whl", hash = "sha256:d8213e09c917a951de9d09ecee036d5c7d36cb6cb7dbaece4c71a60d79fb9798"},
    {file = "MarkupSafe-3.0.2-cp311-cp311-musllinux_1_2_i686.whl", hash = "sha256:5b02fb34468b6aaa40dfc198d813a641e3a63b98c2b05a16b9f80b7ec314185e"},
    {file = "MarkupSafe-3.0.2-cp311-cp311-musllinux_1_2_x86_64.whl", hash = "sha256:0bff5e0ae4ef2e1ae4fdf2dfd5b76c75e5c2fa4132d05fc1b0dabcd20c7e28c4"},
    {file = "MarkupSafe-3.0.2-cp311-cp311-win32.whl", hash = "sha256:6c89876f41da747c8d3677a2b540fb32ef5715f97b66eeb0c6b66f5e3ef6f59d"},
    {file = "MarkupSafe-3.0.2-cp311-cp311-win_amd64.whl", hash = "sha256:70a87b411535ccad5ef2f1df5136506a10775d267e197e4cf531ced10537bd6b"},
    {file = "MarkupSafe-3.0.2-cp312-cp312-macosx_10_13_universal2.whl", hash = "sha256:9778bd8ab0a994ebf6f84c2b949e65736d5575320a17ae8984a77fab08db94cf"},
    {file = "MarkupSafe-3.0.2-cp312-cp312-macosx_11_0_arm64.whl", hash = "sha256:846ade7b71e3536c4e56b386c2a47adf5741d2d8b94ec9dc3e92e5e1ee1e2225"},
    {file = "MarkupSafe-3.0.2-cp312-cp312-manylinux_2_17_aarch64.manylinux2014_aarch64.whl", hash = "sha256:1c99d261bd2d5f6b59325c92c73df481e05e57f19837bdca8413b9eac4bd8028"},
    {file = "MarkupSafe-3.0.2-cp312-cp312-manylinux_2_17_x86_64.manylinux2014_x86_64.whl", hash = "sha256:e17c96c14e19278594aa4841ec148115f9c7615a47382ecb6b82bd8fea3ab0c8"},
    {file = "MarkupSafe-3.0.2-cp312-cp312-manylinux_2_5_i686.manylinux1_i686.manylinux_2_17_i686.manylinux2014_i686.whl", hash = "sha256:88416bd1e65dcea10bc7569faacb2c20ce071dd1f87539ca2ab364bf6231393c"},
    {file = "MarkupSafe-3.0.2-cp312-cp312-musllinux_1_2_aarch64.whl", hash = "sha256:2181e67807fc2fa785d0592dc2d6206c019b9502410671cc905d132a92866557"},
    {file = "MarkupSafe-3.0.2-cp312-cp312-musllinux_1_2_i686.whl", hash = "sha256:52305740fe773d09cffb16f8ed0427942901f00adedac82ec8b67752f58a1b22"},
    {file = "MarkupSafe-3.0.2-cp312-cp312-musllinux_1_2_x86_64.whl", hash = "sha256:ad10d3ded218f1039f11a75f8091880239651b52e9bb592ca27de44eed242a48"},
    {file = "MarkupSafe-3.0.2-cp312-cp312-win32.whl", hash = "sha256:0f4ca02bea9a23221c0182836703cbf8930c5e9454bacce27e767509fa286a30"},
    {file = "MarkupSafe-3.0.2-cp312-cp312-win_amd64.whl", hash = "sha256:8e06879fc22a25ca47312fbe7c8264eb0b662f6db27cb2d3bbbc74b1df4b9b87"},
    {file = "MarkupSafe-3.0.2-cp313-cp313-macosx_10_13_universal2.whl", hash = "sha256:ba9527cdd4c926ed0760bc301f6728ef34d841f405abf9d4f959c478421e4efd"},
    {file = "MarkupSafe-3.0.2-cp313-cp313-macosx_11_0_arm64.whl", hash = "sha256:f8b3d067f2e40fe93e1ccdd6b2e1d16c43140e76f02fb1319a05cf2b79d99430"},
    {file = "MarkupSafe-3.0.2-cp313-cp313-manylinux_2_17_aarch64.manylinux2014_aarch64.whl", hash = "sha256:569511d3b58c8791ab4c2e1285575265991e6d8f8700c7be0e88f86cb0672094"},
    {file = "MarkupSafe-3.0.2-cp313-cp313-manylinux_2_17_x86_64.manylinux2014_x86_64.whl", hash = "sha256:15ab75ef81add55874e7ab7055e9c397312385bd9ced94920f2802310c930396"},
    {file = "MarkupSafe-3.0.2-cp313-cp313-manylinux_2_5_i686.manylinux1_i686.manylinux_2_17_i686.manylinux2014_i686.whl", hash = "sha256:f3818cb119498c0678015754eba762e0d61e5b52d34c8b13d770f0719f7b1d79"},
    {file = "MarkupSafe-3.0.2-cp313-cp313-musllinux_1_2_aarch64.whl", hash = "sha256:cdb82a876c47801bb54a690c5ae105a46b392ac6099881cdfb9f6e95e4014c6a"},
    {file = "MarkupSafe-3.0.2-cp313-cp313-musllinux_1_2_i686.whl", hash = "sha256:cabc348d87e913db6ab4aa100f01b08f481097838bdddf7c7a84b7575b7309ca"},
    {file = "MarkupSafe-3.0.2-cp313-cp313-musllinux_1_2_x86_64.whl", hash = "sha256:444dcda765c8a838eaae23112db52f1efaf750daddb2d9ca300bcae1039adc5c"},
    {file = "MarkupSafe-3.0.2-cp313-cp313-win32.whl", hash = "sha256:bcf3e58998965654fdaff38e58584d8937aa3096ab5354d493c77d1fdd66d7a1"},
    {file = "MarkupSafe-3.0.2-cp313-cp313-win_amd64.whl", hash = "sha256:e6a2a455bd412959b57a172ce6328d2dd1f01cb2135efda2e4576e8a23fa3b0f"},
    {file = "MarkupSafe-3.0.2-cp313-cp313t-macosx_10_13_universal2.whl", hash = "sha256:b5a6b3ada725cea8a5e634536b1b01c30bcdcd7f9c6fff4151548d5bf6b3a36c"},
    {file = "MarkupSafe-3.0.2-cp313-cp313t-macosx_11_0_arm64.whl", hash = "sha256:a904af0a6162c73e3edcb969eeeb53a63ceeb5d8cf642fade7d39e7963a22ddb"},
    {file = "MarkupSafe-3.0.2-cp313-cp313t-manylinux_2_17_aarch64.manylinux2014_aarch64.whl", hash = "sha256:4aa4e5faecf353ed117801a068ebab7b7e09ffb6e1d5e412dc852e0da018126c"},
    {file = "MarkupSafe-3.0.2-cp313-cp313t-manylinux_2_17_x86_64.manylinux2014_x86_64.whl", hash = "sha256:c0ef13eaeee5b615fb07c9a7dadb38eac06a0608b41570d8ade51c56539e509d"},
    {file = "MarkupSafe-3.0.2-cp313-cp313t-manylinux_2_5_i686.manylinux1_i686.manylinux_2_17_i686.manylinux2014_i686.whl", hash = "sha256:d16a81a06776313e817c951135cf7340a3e91e8c1ff2fac444cfd75fffa04afe"},
    {file = "MarkupSafe-3.0.2-cp313-cp313t-musllinux_1_2_aarch64.whl", hash = "sha256:6381026f158fdb7c72a168278597a5e3a5222e83ea18f543112b2662a9b699c5"},
    {file = "MarkupSafe-3.0.2-cp313-cp313t-musllinux_1_2_i686.whl", hash = "sha256:3d79d162e7be8f996986c064d1c7c817f6df3a77fe3d6859f6f9e7be4b8c213a"},
    {file = "MarkupSafe-3.0.2-cp313-cp313t-musllinux_1_2_x86_64.whl", hash = "sha256:131a3c7689c85f5ad20f9f6fb1b866f402c445b220c19fe4308c0b147ccd2ad9"},
    {file = "MarkupSafe-3.0.2-cp313-cp313t-win32.whl", hash = "sha256:ba8062ed2cf21c07a9e295d5b8a2a5ce678b913b45fdf68c32d95d6c1291e0b6"},
    {file = "MarkupSafe-3.0.2-cp313-cp313t-win_amd64.whl", hash = "sha256:e444a31f8db13eb18ada366ab3cf45fd4b31e4db1236a4448f68778c1d1a5a2f"},
    {file = "MarkupSafe-3.0.2-cp39-cp39-macosx_10_9_universal2.whl", hash = "sha256:eaa0a10b7f72326f1372a713e73c3f739b524b3af41feb43e4921cb529f5929a"},
    {file = "MarkupSafe-3.0.2-cp39-cp39-macosx_11_0_arm64.whl", hash = "sha256:48032821bbdf20f5799ff537c7ac3d1fba0ba032cfc06194faffa8cda8b560ff"},
    {file = "MarkupSafe-3.0.2-cp39-cp39-manylinux_2_17_aarch64.manylinux2014_aarch64.whl", hash = "sha256:1a9d3f5f0901fdec14d8d2f66ef7d035f2157240a433441719ac9a3fba440b13"},
    {file = "MarkupSafe-3.0.2-cp39-cp39-manylinux_2_17_x86_64.manylinux2014_x86_64.whl", hash = "sha256:88b49a3b9ff31e19998750c38e030fc7bb937398b1f78cfa599aaef92d693144"},
    {file = "MarkupSafe-3.0.2-cp39-cp39-manylinux_2_5_i686.manylinux1_i686.manylinux_2_17_i686.manylinux2014_i686.whl", hash = "sha256:cfad01eed2c2e0c01fd0ecd2ef42c492f7f93902e39a42fc9ee1692961443a29"},
    {file = "MarkupSafe-3.0.2-cp39-cp39-musllinux_1_2_aarch64.whl", hash = "sha256:1225beacc926f536dc82e45f8a4d68502949dc67eea90eab715dea3a21c1b5f0"},
    {file = "MarkupSafe-3.0.2-cp39-cp39-musllinux_1_2_i686.whl", hash = "sha256:3169b1eefae027567d1ce6ee7cae382c57fe26e82775f460f0b2778beaad66c0"},
    {file = "MarkupSafe-3.0.2-cp39-cp39-musllinux_1_2_x86_64.whl", hash = "sha256:eb7972a85c54febfb25b5c4b4f3af4dcc731994c7da0d8a0b4a6eb0640e1d178"},
    {file = "MarkupSafe-3.0.2-cp39-cp39-win32.whl", hash = "sha256:8c4e8c3ce11e1f92f6536ff07154f9d49677ebaaafc32db9db4620bc11ed480f"},
    {file = "MarkupSafe-3.0.2-cp39-cp39-win_amd64.whl", hash = "sha256:6e296a513ca3d94054c2c881cc913116e90fd030ad1c656b3869762b754f5f8a"},
    {file = "markupsafe-3.0.2.tar.gz", hash = "sha256:ee55d3edf80167e48ea11a923c7386f4669df67d7994554387f84e7d8b0a2bf0"},
]

[[package]]
name = "mdit-py-plugins"
version = "0.4.2"
description = "Collection of plugins for markdown-it-py"
optional = false
python-versions = ">=3.8"
groups = ["dev"]
files = [
    {file = "mdit_py_plugins-0.4.2-py3-none-any.whl", hash = "sha256:0c673c3f889399a33b95e88d2f0d111b4447bdfea7f237dab2d488f459835636"},
    {file = "mdit_py_plugins-0.4.2.tar.gz", hash = "sha256:5f2cd1fdb606ddf152d37ec30e46101a60512bc0e5fa1a7002c36647b09e26b5"},
]

[package.dependencies]
markdown-it-py = ">=1.0.0,<4.0.0"

[package.extras]
code-style = ["pre-commit"]
rtd = ["myst-parser", "sphinx-book-theme"]
testing = ["coverage", "pytest", "pytest-cov", "pytest-regressions"]

[[package]]
name = "mdurl"
version = "0.1.2"
description = "Markdown URL utilities"
optional = false
python-versions = ">=3.7"
groups = ["dev"]
files = [
    {file = "mdurl-0.1.2-py3-none-any.whl", hash = "sha256:84008a41e51615a49fc9966191ff91509e3c40b939176e643fd50a5c2196b8f8"},
    {file = "mdurl-0.1.2.tar.gz", hash = "sha256:bb413d29f5eea38f31dd4754dd7377d4465116fb207585f97bf925588687c1ba"},
]

[[package]]
name = "memray"
version = "1.17.2"
description = "A memory profiler for Python applications"
optional = false
python-versions = ">=3.7.0"
groups = ["dev"]
files = [
    {file = "memray-1.17.2-cp310-cp310-macosx_10_14_x86_64.whl", hash = "sha256:892af080c2c136449663f34d3790c663311c915d9757b96871cfb967af9e5bc1"},
    {file = "memray-1.17.2-cp310-cp310-macosx_11_0_arm64.whl", hash = "sha256:8faf2da8fb9b942c1a1553171b802905f64a9272afd8ef5dedfde3f2582afcfc"},
    {file = "memray-1.17.2-cp310-cp310-manylinux_2_12_i686.manylinux2010_i686.whl", hash = "sha256:4e5f3d505166263a9b6e00eec2351e217cc17156024dc53af09bf901e57e7eba"},
    {file = "memray-1.17.2-cp310-cp310-manylinux_2_12_x86_64.manylinux2010_x86_64.whl", hash = "sha256:f9493852bc69a7a88991593146109be809777b852b12fb8dade1a6e00bc9f5ce"},
    {file = "memray-1.17.2-cp310-cp310-manylinux_2_17_aarch64.manylinux2014_aarch64.whl", hash = "sha256:1323a83c120b18f4347bcc36e170203a435c7fe891e72ea887c4ab36a5d815ff"},
    {file = "memray-1.17.2-cp310-cp310-musllinux_1_1_x86_64.whl", hash = "sha256:a2df9aad85f4d5aa7aeb6f4ab3cf66ec1af064f0de41754c6413d1f7fe498c5e"},
    {file = "memray-1.17.2-cp311-cp311-macosx_10_14_x86_64.whl", hash = "sha256:cfe93ee7a40e7901858469431b00c54280868bce108e360faf6834d36cb842f4"},
    {file = "memray-1.17.2-cp311-cp311-macosx_11_0_arm64.whl", hash = "sha256:3ba7518281c05c1469a5db43a6ea8d77d5467484f240e9d18d162e7fe758272b"},
    {file = "memray-1.17.2-cp311-cp311-manylinux_2_12_x86_64.manylinux2010_x86_64.whl", hash = "sha256:3efa65884d1775a27cb8d5faee3a54fd3b22be55e33c3a8f0c1d8293314770c0"},
    {file = "memray-1.17.2-cp311-cp311-manylinux_2_17_aarch64.manylinux2014_aarch64.whl", hash = "sha256:8288a9262a5323d489afd837477dec52b4ee184eb462434a2ccea97d9c05b94e"},
    {file = "memray-1.17.2-cp311-cp311-manylinux_2_17_i686.manylinux2014_i686.whl", hash = "sha256:1516956ff88a5dc106366a55554c930a51df25fdc8bf2ca105c8d220744eb23e"},
    {file = "memray-1.17.2-cp311-cp311-manylinux_2_17_x86_64.manylinux2014_x86_64.whl", hash = "sha256:3eade446e1c0d9631d15fb90f9298bf84ebbfa1b2aac64bb9cbcda600ca7f25c"},
    {file = "memray-1.17.2-cp311-cp311-musllinux_1_1_x86_64.whl", hash = "sha256:0f6298f00fb53f024f67a1cae2bd54389641e10e3364167e5d0f33f58d9f6777"},
    {file = "memray-1.17.2-cp312-cp312-macosx_10_14_x86_64.whl", hash = "sha256:1a16437bae39515b8c179432b647e9db445bf0e29b14a2b4bf7eefa2cdc7bbf7"},
    {file = "memray-1.17.2-cp312-cp312-macosx_11_0_arm64.whl", hash = "sha256:36784036e0c89f29f9f460871d2214cd17435d839ac8300a2dbea69463d134d1"},
    {file = "memray-1.17.2-cp312-cp312-manylinux_2_12_x86_64.manylinux2010_x86_64.whl", hash = "sha256:7c6bc6cd4ea58d1291e27e31302ad1e01500a08191c0265da8e5552368f6996a"},
    {file = "memray-1.17.2-cp312-cp312-manylinux_2_17_aarch64.manylinux2014_aarch64.whl", hash = "sha256:2aa66358b2bddd8acc80ac04d65217cbe4d9a8d525b22f2a28f87c324addf945"},
    {file = "memray-1.17.2-cp312-cp312-manylinux_2_17_i686.manylinux2014_i686.whl", hash = "sha256:53b81a3c850c88d20b5b9feaa30687c8438274cc0051706435967b2a02b9e314"},
    {file = "memray-1.17.2-cp312-cp312-manylinux_2_17_x86_64.manylinux2014_x86_64.whl", hash = "sha256:d57c58b3a2ef52d9efb0e17940eb5db43317e536735260ce718e36dfdd0c51f5"},
    {file = "memray-1.17.2-cp312-cp312-musllinux_1_1_x86_64.whl", hash = "sha256:85704bce4548b519af5499e8cb01ddd7eaed12b3a2056c841d3745b55dc1de9a"},
    {file = "memray-1.17.2-cp313-cp313-macosx_10_14_x86_64.whl", hash = "sha256:aa655a28d10958a6a4feb98f123e4d7bbf156a7fef79edebbfca6198509aada2"},
    {file = "memray-1.17.2-cp313-cp313-macosx_11_0_arm64.whl", hash = "sha256:b7d9c90ab17629a0b38851fd004c5301de0f3c4668a88986da22dd016c4416cd"},
    {file = "memray-1.17.2-cp313-cp313-manylinux_2_17_aarch64.manylinux2014_aarch64.whl", hash = "sha256:e816e7157b4e2e17ec3fa08fa59a058a5ba264dddd35e04e44862e7800db07f3"},
    {file = "memray-1.17.2-cp313-cp313-manylinux_2_17_i686.manylinux2014_i686.whl", hash = "sha256:48fe99afa391bdc67f2415b968b31c1ace5d045a0af91312a8e24cfa4ff577c6"},
    {file = "memray-1.17.2-cp313-cp313-manylinux_2_17_x86_64.manylinux2014_x86_64.whl", hash = "sha256:e871af5a88006f9c0d16cb234e9d18244ffeb28f5c8aa17bd6babc8418fdda1d"},
    {file = "memray-1.17.2-cp313-cp313-musllinux_1_1_x86_64.whl", hash = "sha256:63f0a8d5d9d179648e7e336f8a185e8f4a1b70f28ec62476e193c024aa992313"},
    {file = "memray-1.17.2-cp37-cp37m-manylinux_2_12_i686.manylinux2010_i686.whl", hash = "sha256:349fda4e8e205040427375324d04555abd422747e6e5449ea9f961a43752707d"},
    {file = "memray-1.17.2-cp37-cp37m-manylinux_2_12_x86_64.manylinux2010_x86_64.whl", hash = "sha256:c1bae0a107e8aec326babd1b28a4248f30463a318a4b55dc44a0b68342e39561"},
    {file = "memray-1.17.2-cp37-cp37m-manylinux_2_17_aarch64.manylinux2014_aarch64.whl", hash = "sha256:a89badae1693c7a0168826c402b52ac79f080c81fb30bdd972bb5aeb8b50d773"},
    {file = "memray-1.17.2-cp37-cp37m-musllinux_1_1_x86_64.whl", hash = "sha256:93a5c96c4f8a108fe061b25e71e3afbbfaf3a7c98d49c0fe3e6372f5dec7a388"},
    {file = "memray-1.17.2-cp38-cp38-macosx_10_14_x86_64.whl", hash = "sha256:e8c069dcd3f3144717faf58e8b34250fd50a8e48adcc1b6837cb10b4c853fa0f"},
    {file = "memray-1.17.2-cp38-cp38-macosx_11_0_arm64.whl", hash = "sha256:dbecad8443dcec6c82c53bdf8c6a6cfdff1ccdb7d0493dd57d0753e19645ae76"},
    {file = "memray-1.17.2-cp38-cp38-manylinux_2_12_i686.manylinux2010_i686.whl", hash = "sha256:eae1d10202db75aa6f32c7028ed718dccccdbcc7cfc7ff15f4eafd1879db3dde"},
    {file = "memray-1.17.2-cp38-cp38-manylinux_2_12_x86_64.manylinux2010_x86_64.whl", hash = "sha256:166d335d5777c89e3bfc9f2a4785ca65c35ae8f7226b25ff0d1851c66b3803ae"},
    {file = "memray-1.17.2-cp38-cp38-manylinux_2_17_aarch64.manylinux2014_aarch64.whl", hash = "sha256:ed9b7e5ea141845b8ac67505b2ccaacaa95d3fe7e603fcb5a76a69a7a2b06e71"},
    {file = "memray-1.17.2-cp38-cp38-musllinux_1_1_x86_64.whl", hash = "sha256:9d358e9571e4360b761b49990271d0b26c0cffd7c31ce7ee8507a70df39e370f"},
    {file = "memray-1.17.2-cp39-cp39-macosx_10_14_x86_64.whl", hash = "sha256:fa6a156511beab1232462a092a868864efd9ef6fa623169fe8bbd01294a5f842"},
    {file = "memray-1.17.2-cp39-cp39-macosx_11_0_arm64.whl", hash = "sha256:151e8e65c353f0247f5d6517ba831df0742bc375afda4ba884ac3d9073fbf611"},
    {file = "memray-1.17.2-cp39-cp39-manylinux_2_12_i686.manylinux2010_i686.whl", hash = "sha256:094e3f819b41576a106eff57d3e5d45b6a424f8764d68698c09fd4514c4c06e5"},
    {file = "memray-1.17.2-cp39-cp39-manylinux_2_12_x86_64.manylinux2010_x86_64.whl", hash = "sha256:b092978e7aa69a96a5391b56624ca2ee477cfa000eb97eb315db8d13c2da20d0"},
    {file = "memray-1.17.2-cp39-cp39-manylinux_2_17_aarch64.manylinux2014_aarch64.whl", hash = "sha256:14e62dd31a014f4050d65c6b742bf9f7ac166c4d519164a00b2d5636f21d04b8"},
    {file = "memray-1.17.2-cp39-cp39-musllinux_1_1_x86_64.whl", hash = "sha256:78d541228f6f46e05a296aa333a9674a2dfff3c6e9ff2f4432a0d0374a4c33f9"},
    {file = "memray-1.17.2.tar.gz", hash = "sha256:eb75c075874a6eccddf361513d9d4a9223dd940580c6370a6ba5339bae5d0ba2"},
]

[package.dependencies]
jinja2 = ">=2.9"
rich = ">=11.2.0"
textual = ">=0.41.0"

[package.extras]
benchmark = ["asv"]
dev = ["Cython", "IPython", "asv", "black", "bump2version", "check-manifest", "flake8", "furo", "greenlet ; python_version < \"3.14\"", "ipython", "isort", "mypy", "packaging", "pytest", "pytest-cov", "pytest-textual-snapshot", "setuptools ; python_version >= \"3.12\"", "sphinx", "sphinx-argparse", "textual (>=0.43,!=0.65.2,!=0.66)", "towncrier"]
docs = ["IPython", "bump2version", "furo", "sphinx", "sphinx-argparse", "towncrier"]
lint = ["black", "check-manifest", "flake8", "isort", "mypy"]
test = ["Cython", "greenlet ; python_version < \"3.14\"", "ipython", "packaging", "pytest", "pytest-cov", "pytest-textual-snapshot", "setuptools ; python_version >= \"3.12\"", "textual (>=0.43,!=0.65.2,!=0.66)"]

[[package]]
name = "mypy-extensions"
version = "1.1.0"
description = "Type system extensions for programs checked with the mypy type checker."
optional = false
python-versions = ">=3.8"
groups = ["dev"]
files = [
    {file = "mypy_extensions-1.1.0-py3-none-any.whl", hash = "sha256:1be4cccdb0f2482337c4743e60421de3a356cd97508abadd57d47403e94f5505"},
    {file = "mypy_extensions-1.1.0.tar.gz", hash = "sha256:52e68efc3284861e772bbcd66823fde5ae21fd2fdb51c62a211403730b916558"},
]

[[package]]
name = "packaging"
version = "25.0"
description = "Core utilities for Python packages"
optional = false
python-versions = ">=3.8"
groups = ["dev"]
files = [
    {file = "packaging-25.0-py3-none-any.whl", hash = "sha256:29572ef2b1f17581046b3a2227d5c611fb25ec70ca1ba8554b24b0e69331a484"},
    {file = "packaging-25.0.tar.gz", hash = "sha256:d443872c98d677bf60f6a1f2f8c1cb748e8fe762d2bf9d3148b5599295b0fc4f"},
]

[[package]]
name = "pathspec"
version = "0.12.1"
description = "Utility library for gitignore style pattern matching of file paths."
optional = false
python-versions = ">=3.8"
groups = ["dev"]
files = [
    {file = "pathspec-0.12.1-py3-none-any.whl", hash = "sha256:a0d503e138a4c123b27490a4f7beda6a01c6f288df0e4a8b79c7eb0dc7b4cc08"},
    {file = "pathspec-0.12.1.tar.gz", hash = "sha256:a482d51503a1ab33b1c67a6c3813a26953dbdc71c31dacaef9a838c4e29f5712"},
]

[[package]]
name = "platformdirs"
version = "4.3.8"
description = "A small Python package for determining appropriate platform-specific dirs, e.g. a `user data dir`."
optional = false
python-versions = ">=3.9"
groups = ["dev"]
files = [
    {file = "platformdirs-4.3.8-py3-none-any.whl", hash = "sha256:ff7059bb7eb1179e2685604f4aaf157cfd9535242bd23742eadc3c13542139b4"},
    {file = "platformdirs-4.3.8.tar.gz", hash = "sha256:3d512d96e16bcb959a814c9f348431070822a6496326a4be0911c40b5a74c2bc"},
]

[package.extras]
docs = ["furo (>=2024.8.6)", "proselint (>=0.14)", "sphinx (>=8.1.3)", "sphinx-autodoc-typehints (>=3)"]
test = ["appdirs (==1.4.4)", "covdefaults (>=2.3)", "pytest (>=8.3.4)", "pytest-cov (>=6)", "pytest-mock (>=3.14)"]
type = ["mypy (>=1.14.1)"]

[[package]]
name = "py-spy"
version = "0.4.0"
description = "Sampling profiler for Python programs"
optional = false
python-versions = "*"
groups = ["dev"]
files = [
    {file = "py_spy-0.4.0-py2.py3-none-macosx_10_12_x86_64.macosx_11_0_arm64.macosx_10_12_universal2.whl", hash = "sha256:f2cf3f7130e7d780471faa5957441d3b4e0ec39a79b2c00f4c33d494f7728428"},
    {file = "py_spy-0.4.0-py2.py3-none-macosx_11_0_arm64.whl", hash = "sha256:47cdda4c34d9b6cb01f3aaeceb2e88faf57da880207fe72ff6ff97e9bb6cc8a9"},
    {file = "py_spy-0.4.0-py2.py3-none-manylinux_2_17_aarch64.manylinux2014_aarch64.whl", hash = "sha256:eee3d0bde85ca5cf4f01f012d461180ca76c24835a96f7b5c4ded64eb6a008ab"},
    {file = "py_spy-0.4.0-py2.py3-none-manylinux_2_17_armv7l.manylinux2014_armv7l.whl", hash = "sha256:c5f06ffce4c9c98b7fc9f5e67e5e7db591173f1351837633f3f23d9378b1d18a"},
    {file = "py_spy-0.4.0-py2.py3-none-manylinux_2_5_i686.manylinux1_i686.whl", hash = "sha256:87573e64dbfdfc89ba2e0f5e2f525aa84e0299c7eb6454b47ea335fde583a7a0"},
    {file = "py_spy-0.4.0-py2.py3-none-manylinux_2_5_x86_64.manylinux1_x86_64.whl", hash = "sha256:8bf2f3702cef367a489faa45177b41a6c31b2a3e5bd78c978d44e29340152f5a"},
    {file = "py_spy-0.4.0-py2.py3-none-win_amd64.whl", hash = "sha256:77d8f637ade38367d944874776f45b703b7ac5938b1f7be8891f3a5876ddbb96"},
    {file = "py_spy-0.4.0.tar.gz", hash = "sha256:806602ce7972782cc9c1e383f339bfc27bfb822d42485e6a3e0530ae5040e1f0"},
]

[[package]]
name = "pydot"
version = "4.0.1"
description = "Python interface to Graphviz's Dot"
optional = false
python-versions = ">=3.8"
groups = ["main"]
files = [
    {file = "pydot-4.0.1-py3-none-any.whl", hash = "sha256:869c0efadd2708c0be1f916eb669f3d664ca684bc57ffb7ecc08e70d5e93fee6"},
    {file = "pydot-4.0.1.tar.gz", hash = "sha256:c2148f681c4a33e08bf0e26a9e5f8e4099a82e0e2a068098f32ce86577364ad5"},
]

[package.dependencies]
pyparsing = ">=3.1.0"

[package.extras]
dev = ["chardet", "parameterized", "pydot[lint]", "pydot[types]"]
lint = ["ruff"]
release = ["zest.releaser[recommended]"]
tests = ["pydot[dev]", "pytest", "pytest-cov", "pytest-xdist[psutil]", "tox"]
types = ["mypy"]

[[package]]
name = "pygments"
version = "2.19.2"
description = "Pygments is a syntax highlighting package written in Python."
optional = false
python-versions = ">=3.8"
groups = ["dev"]
files = [
    {file = "pygments-2.19.2-py3-none-any.whl", hash = "sha256:86540386c03d588bb81d44bc3928634ff26449851e99741617ecb9037ee5ec0b"},
    {file = "pygments-2.19.2.tar.gz", hash = "sha256:636cb2477cec7f8952536970bc533bc43743542f70392ae026374600add5b887"},
]

[package.extras]
windows-terminal = ["colorama (>=0.4.6)"]

[[package]]
name = "pyparsing"
version = "3.2.3"
description = "pyparsing module - Classes and methods to define and execute parsing grammars"
optional = false
python-versions = ">=3.9"
groups = ["main"]
files = [
    {file = "pyparsing-3.2.3-py3-none-any.whl", hash = "sha256:a749938e02d6fd0b59b356ca504a24982314bb090c383e3cf201c95ef7e2bfcf"},
    {file = "pyparsing-3.2.3.tar.gz", hash = "sha256:b9c13f1ab8b3b542f72e28f634bad4de758ab3ce4546e4301970ad6fa77c38be"},
]

[package.extras]
diagrams = ["jinja2", "railroad-diagrams"]

[[package]]
name = "rich"
version = "14.0.0"
description = "Render rich text, tables, progress bars, syntax highlighting, markdown and more to the terminal"
optional = false
python-versions = ">=3.8.0"
groups = ["dev"]
files = [
    {file = "rich-14.0.0-py3-none-any.whl", hash = "sha256:1c9491e1951aac09caffd42f448ee3d04e58923ffe14993f6e83068dc395d7e0"},
    {file = "rich-14.0.0.tar.gz", hash = "sha256:82f1bc23a6a21ebca4ae0c45af9bdbc492ed20231dcb63f297d6d1021a9d5725"},
]

[package.dependencies]
markdown-it-py = ">=2.2.0"
pygments = ">=2.13.0,<3.0.0"

[package.extras]
jupyter = ["ipywidgets (>=7.5.1,<9)"]

[[package]]
name = "textual"
version = "3.5.0"
description = "Modern Text User Interface framework"
optional = false
python-versions = "<4.0.0,>=3.8.1"
groups = ["dev"]
files = [
    {file = "textual-3.5.0-py3-none-any.whl", hash = "sha256:7c960efb70391b754e66201776793de2b26d699d51fb91f5f78401d13cec79a1"},
    {file = "textual-3.5.0.tar.gz", hash = "sha256:c4a440338694672acf271c74904f1cf1e4a64c6761c056b02a561774b81a04f4"},
]

[package.dependencies]
markdown-it-py = {version = ">=2.1.0", extras = ["linkify", "plugins"]}
platformdirs = ">=3.6.0,<5"
rich = ">=13.3.3"
typing-extensions = ">=4.4.0,<5.0.0"

[package.extras]
syntax = ["tree-sitter (>=0.23.0) ; python_version >= \"3.9\"", "tree-sitter-bash (>=0.23.0) ; python_version >= \"3.9\"", "tree-sitter-css (>=0.23.0) ; python_version >= \"3.9\"", "tree-sitter-go (>=0.23.0) ; python_version >= \"3.9\"", "tree-sitter-html (>=0.23.0) ; python_version >= \"3.9\"", "tree-sitter-java (>=0.23.0) ; python_version >= \"3.9\"", "tree-sitter-javascript (>=0.23.0) ; python_version >= \"3.9\"", "tree-sitter-json (>=0.24.0) ; python_version >= \"3.9\"", "tree-sitter-markdown (>=0.3.0) ; python_version >= \"3.9\"", "tree-sitter-python (>=0.23.0) ; python_version >= \"3.9\"", "tree-sitter-regex (>=0.24.0) ; python_version >= \"3.9\"", "tree-sitter-rust (>=0.23.0,<=0.23.2) ; python_version >= \"3.9\"", "tree-sitter-sql (>=0.3.0,<0.3.8) ; python_version >= \"3.9\"", "tree-sitter-toml (>=0.6.0) ; python_version >= \"3.9\"", "tree-sitter-xml (>=0.7.0) ; python_version >= \"3.9\"", "tree-sitter-yaml (>=0.6.0) ; python_version >= \"3.9\""]

[[package]]
name = "typing-extensions"
version = "4.14.0"
description = "Backported and Experimental Type Hints for Python 3.9+"
optional = false
python-versions = ">=3.9"
groups = ["dev"]
files = [
    {file = "typing_extensions-4.14.0-py3-none-any.whl", hash = "sha256:a1514509136dd0b477638fc68d6a91497af5076466ad0fa6c338e44e359944af"},
    {file = "typing_extensions-4.14.0.tar.gz", hash = "sha256:8676b788e32f02ab42d9e7c61324048ae4c6d844a399eebace3d4979d75ceef4"},
]

[[package]]
name = "uc-micro-py"
version = "1.0.3"
description = "Micro subset of unicode data files for linkify-it-py projects."
optional = false
python-versions = ">=3.7"
groups = ["dev"]
files = [
    {file = "uc-micro-py-1.0.3.tar.gz", hash = "sha256:d321b92cff673ec58027c04015fcaa8bb1e005478643ff4a500882eaab88c48a"},
    {file = "uc_micro_py-1.0.3-py3-none-any.whl", hash = "sha256:db1dffff340817673d7b466ec86114a9dc0e9d4d9b5ba229d9d60e5c12600cd5"},
]

[package.extras]
test = ["coverage", "pytest", "pytest-cov"]

[[package]]
name = "z3"
version = "0.2.0"
description = "Backup ZFS snapshots to S3"
optional = false
python-versions = "*"
groups = ["main"]
files = [
    {file = "z3-0.2.0.tar.gz", hash = "sha256:34819e964d71e1474f933b34b9e65f0d021ccfc9d9edbbded54d54c1a9352b90"},
]

[package.dependencies]
boto = "*"

[[package]]
name = "z3-solver"
version = "4.15.1.0"
description = "an efficient SMT solver library"
optional = false
python-versions = "*"
groups = ["main"]
files = [
    {file = "z3_solver-4.15.1.0-py3-none-macosx_13_0_arm64.whl", hash = "sha256:4fdf8675500f32b03114670a8c734fa9fc9f8c9bd1047d575449ca69fa397ac5"},
    {file = "z3_solver-4.15.1.0-py3-none-macosx_13_0_x86_64.whl", hash = "sha256:878814bef41ca3d9957923d07fc3084967d14dff1a3c039d00f76324461bb11b"},
    {file = "z3_solver-4.15.1.0-py3-none-manylinux_2_17_x86_64.manylinux2014_x86_64.whl", hash = "sha256:0f1d15073c78d793be56ff334f3d4770fe66d57808fdad2780e25c936d8fab0a"},
    {file = "z3_solver-4.15.1.0-py3-none-manylinux_2_34_aarch64.whl", hash = "sha256:1ac01865e9b07e35b8856157fa95259b1741529c05ef019f599675c7b0caab42"},
    {file = "z3_solver-4.15.1.0-py3-none-win32.whl", hash = "sha256:0b41c73ed6ea30514210853e31b432c3654b36e7e7a74db23906ddba345cb654"},
    {file = "z3_solver-4.15.1.0-py3-none-win_amd64.whl", hash = "sha256:1d858c5b7ecd60788576ec6ae62cc7b9ae142e9ed38dff3dfd415e2fe230c712"},
    {file = "z3_solver-4.15.1.0.tar.gz", hash = "sha256:e8522602a76f6e45c45e78eec7bff5cbaa44fa51e94dce0d5432b0f9ab3f7064"},
]

[metadata]
lock-version = "2.1"
python-versions = ">=3.13,<4.0"
content-hash = "216b2bb995dc15ba5c8a54c12ce0901803dc7e8b48c127c2a5098083f1136442"
